
Microsoft Visual Studio Solution File, Format Version 12.00
# Visual Studio 2013
Project("{FAE04EC0-301F-11D3-BF4B-00C04F79EFBC}") = "UnityVS.Molly.CSharp", "UnityVS.Molly.CSharp.csproj", "{1A09015D-C0E4-DE72-50C2-0E51165A3B8C}"
EndProject
Global
	GlobalSection(SolutionConfigurationPlatforms) = preSolution
		Debug|Any CPU = Debug|Any CPU
		Release|Any CPU = Release|Any CPU
	EndGlobalSection
	GlobalSection(ProjectConfigurationPlatforms) = postSolution
		{1A09015D-C0E4-DE72-50C2-0E51165A3B8C}.Debug|Any CPU.ActiveCfg = Debug|Any CPU
		{1A09015D-C0E4-DE72-50C2-0E51165A3B8C}.Debug|Any CPU.Build.0 = Debug|Any CPU
		{1A09015D-C0E4-DE72-50C2-0E51165A3B8C}.Release|Any CPU.ActiveCfg = Release|Any CPU
		{1A09015D-C0E4-DE72-50C2-0E51165A3B8C}.Release|Any CPU.Build.0 = Release|Any CPU
	EndGlobalSection
	GlobalSection(SolutionProperties) = preSolution
		HideSolutionNode = FALSE
	EndGlobalSection
EndGlobal
